
Microsoft Visual Studio Solution File, Format Version 12.00
# Visual Studio 15
VisualStudioVersion = 15.0.27130.2026
MinimumVisualStudioVersion = 10.0.40219.1
Project("{2150E333-8FDC-42A3-9474-1A3956D46DE8}") = "libnvoid", "libnvoid", "{0813BA05-4BDD-4FAA-9BB9-7A990779FA1D}"
EndProject
Project("{9A19103F-16F7-4668-BE54-9A1E7A4F7556}") = "Abot", "libnvoid\abot-dotnet-core\Abot\src\Abot\Abot.csproj", "{43A2E13E-B181-4A32-AB94-F619643F9BFD}"
EndProject
Project("{9A19103F-16F7-4668-BE54-9A1E7A4F7556}") = "nvoid", "libnvoid\nvoid\nvoid.csproj", "{1A7B3204-7BA1-430E-979A-3A8F4E76F959}"
EndProject
Project("{9A19103F-16F7-4668-BE54-9A1E7A4F7556}") = "nvoid.db", "libnvoid\nvoid.db\nvoid.db.csproj", "{BABA1F05-9DE3-49E5-AEB9-7E4ECD7CB833}"
EndProject
Project("{9A19103F-16F7-4668-BE54-9A1E7A4F7556}") = "nvoid.exec", "libnvoid\nvoid.exec\nvoid.exec.csproj", "{BE33D585-C8B8-4D86-8905-D38CEE1E84AC}"
EndProject
Project("{9A19103F-16F7-4668-BE54-9A1E7A4F7556}") = "nvoid.extensions", "libnvoid\nvoid.extensions\nvoid.extensions.csproj", "{0A84D064-C926-4169-8AAA-6B844C96EE60}"
EndProject
Project("{9A19103F-16F7-4668-BE54-9A1E7A4F7556}") = "nvoid.nettools", "libnvoid\nvoid.nettools\nvoid.nettools.csproj", "{36CED6E4-3DF9-44E9-9AC8-2F2C07A3A470}"
EndProject
Project("{9A19103F-16F7-4668-BE54-9A1E7A4F7556}") = "Bogus", "Bogus\Source\Bogus\Bogus.csproj", "{BE665C32-5F8E-4ABE-BF70-F2C89453F93C}"
EndProject
Project("{9A19103F-16F7-4668-BE54-9A1E7A4F7556}") = "Netlyt.Service", "Netlyt.Service\Netlyt.Service.csproj", "{0485F7C7-BAB8-449E-9513-BFCAF81DAD6F}"
EndProject
Project("{2150E333-8FDC-42A3-9474-1A3956D46DE8}") = "Tests", "Tests", "{6E763F49-007D-45FB-962A-AF96BB6715D6}"
EndProject
Project("{9A19103F-16F7-4668-BE54-9A1E7A4F7556}") = "Netlyt.ServiceTests", "Netlyt.ServiceTests\Netlyt.ServiceTests.csproj", "{DB403379-26CC-4B0D-8992-FC153B64C5A5}"
EndProject
Project("{9A19103F-16F7-4668-BE54-9A1E7A4F7556}") = "Netlyt.Data", "Netlyt.Data\Netlyt.Data.csproj", "{BE1E64AD-2255-458F-ADBA-79C24727426F}"
EndProject
Project("{9A19103F-16F7-4668-BE54-9A1E7A4F7556}") = "Netlyt.Web", "Netlyt.Web\Netlyt.Web.csproj", "{D6D049F7-A2B6-431E-87C7-138A718E0A58}"
EndProject
Project("{FAE04EC0-301F-11D3-BF4B-00C04F79EFBC}") = "Donut", "Donut\Donut.csproj", "{D3453454-BB5F-4D69-A8D5-AE3BEB722374}"
EndProject
Project("{FAE04EC0-301F-11D3-BF4B-00C04F79EFBC}") = "Netlyt.Interfaces", "Netlyt.Interfaces\Netlyt.Interfaces.csproj", "{B006D509-650C-4314-B0C2-73933E14C683}"
EndProject
Global
	GlobalSection(SolutionConfigurationPlatforms) = preSolution
		Debug|Any CPU = Debug|Any CPU
		Release|Any CPU = Release|Any CPU
	EndGlobalSection
	GlobalSection(ProjectConfigurationPlatforms) = postSolution
		{43A2E13E-B181-4A32-AB94-F619643F9BFD}.Debug|Any CPU.ActiveCfg = Debug|Any CPU
		{43A2E13E-B181-4A32-AB94-F619643F9BFD}.Debug|Any CPU.Build.0 = Debug|Any CPU
		{43A2E13E-B181-4A32-AB94-F619643F9BFD}.Release|Any CPU.ActiveCfg = Release|Any CPU
		{43A2E13E-B181-4A32-AB94-F619643F9BFD}.Release|Any CPU.Build.0 = Release|Any CPU
		{1A7B3204-7BA1-430E-979A-3A8F4E76F959}.Debug|Any CPU.ActiveCfg = Debug|Any CPU
		{1A7B3204-7BA1-430E-979A-3A8F4E76F959}.Debug|Any CPU.Build.0 = Debug|Any CPU
		{1A7B3204-7BA1-430E-979A-3A8F4E76F959}.Release|Any CPU.ActiveCfg = Release|Any CPU
		{1A7B3204-7BA1-430E-979A-3A8F4E76F959}.Release|Any CPU.Build.0 = Release|Any CPU
		{BABA1F05-9DE3-49E5-AEB9-7E4ECD7CB833}.Debug|Any CPU.ActiveCfg = Debug|Any CPU
		{BABA1F05-9DE3-49E5-AEB9-7E4ECD7CB833}.Debug|Any CPU.Build.0 = Debug|Any CPU
		{BABA1F05-9DE3-49E5-AEB9-7E4ECD7CB833}.Release|Any CPU.ActiveCfg = Release|Any CPU
		{BABA1F05-9DE3-49E5-AEB9-7E4ECD7CB833}.Release|Any CPU.Build.0 = Release|Any CPU
		{BE33D585-C8B8-4D86-8905-D38CEE1E84AC}.Debug|Any CPU.ActiveCfg = Debug|Any CPU
		{BE33D585-C8B8-4D86-8905-D38CEE1E84AC}.Debug|Any CPU.Build.0 = Debug|Any CPU
		{BE33D585-C8B8-4D86-8905-D38CEE1E84AC}.Release|Any CPU.ActiveCfg = Release|Any CPU
		{BE33D585-C8B8-4D86-8905-D38CEE1E84AC}.Release|Any CPU.Build.0 = Release|Any CPU
		{0A84D064-C926-4169-8AAA-6B844C96EE60}.Debug|Any CPU.ActiveCfg = Debug|Any CPU
		{0A84D064-C926-4169-8AAA-6B844C96EE60}.Debug|Any CPU.Build.0 = Debug|Any CPU
		{0A84D064-C926-4169-8AAA-6B844C96EE60}.Release|Any CPU.ActiveCfg = Release|Any CPU
		{0A84D064-C926-4169-8AAA-6B844C96EE60}.Release|Any CPU.Build.0 = Release|Any CPU
		{36CED6E4-3DF9-44E9-9AC8-2F2C07A3A470}.Debug|Any CPU.ActiveCfg = Debug|Any CPU
		{36CED6E4-3DF9-44E9-9AC8-2F2C07A3A470}.Debug|Any CPU.Build.0 = Debug|Any CPU
		{36CED6E4-3DF9-44E9-9AC8-2F2C07A3A470}.Release|Any CPU.ActiveCfg = Release|Any CPU
		{36CED6E4-3DF9-44E9-9AC8-2F2C07A3A470}.Release|Any CPU.Build.0 = Release|Any CPU
		{BE665C32-5F8E-4ABE-BF70-F2C89453F93C}.Debug|Any CPU.ActiveCfg = Debug|Any CPU
		{BE665C32-5F8E-4ABE-BF70-F2C89453F93C}.Debug|Any CPU.Build.0 = Debug|Any CPU
		{BE665C32-5F8E-4ABE-BF70-F2C89453F93C}.Release|Any CPU.ActiveCfg = Release|Any CPU
		{BE665C32-5F8E-4ABE-BF70-F2C89453F93C}.Release|Any CPU.Build.0 = Release|Any CPU
		{0485F7C7-BAB8-449E-9513-BFCAF81DAD6F}.Debug|Any CPU.ActiveCfg = Debug|Any CPU
		{0485F7C7-BAB8-449E-9513-BFCAF81DAD6F}.Debug|Any CPU.Build.0 = Debug|Any CPU
		{0485F7C7-BAB8-449E-9513-BFCAF81DAD6F}.Release|Any CPU.ActiveCfg = Release|Any CPU
		{0485F7C7-BAB8-449E-9513-BFCAF81DAD6F}.Release|Any CPU.Build.0 = Release|Any CPU
		{6B4AC9A1-8764-4DBE-A505-AA59FC717119}.Debug|Any CPU.ActiveCfg = Debug|Any CPU
		{6B4AC9A1-8764-4DBE-A505-AA59FC717119}.Debug|Any CPU.Build.0 = Debug|Any CPU
		{6B4AC9A1-8764-4DBE-A505-AA59FC717119}.Release|Any CPU.ActiveCfg = Release|Any CPU
		{6B4AC9A1-8764-4DBE-A505-AA59FC717119}.Release|Any CPU.Build.0 = Release|Any CPU
		{DB403379-26CC-4B0D-8992-FC153B64C5A5}.Debug|Any CPU.ActiveCfg = Debug|Any CPU
		{DB403379-26CC-4B0D-8992-FC153B64C5A5}.Debug|Any CPU.Build.0 = Debug|Any CPU
		{DB403379-26CC-4B0D-8992-FC153B64C5A5}.Release|Any CPU.ActiveCfg = Release|Any CPU
		{DB403379-26CC-4B0D-8992-FC153B64C5A5}.Release|Any CPU.Build.0 = Release|Any CPU
		{BE1E64AD-2255-458F-ADBA-79C24727426F}.Debug|Any CPU.ActiveCfg = Debug|Any CPU
		{BE1E64AD-2255-458F-ADBA-79C24727426F}.Debug|Any CPU.Build.0 = Debug|Any CPU
		{BE1E64AD-2255-458F-ADBA-79C24727426F}.Release|Any CPU.ActiveCfg = Release|Any CPU
		{BE1E64AD-2255-458F-ADBA-79C24727426F}.Release|Any CPU.Build.0 = Release|Any CPU
		{D6D049F7-A2B6-431E-87C7-138A718E0A58}.Debug|Any CPU.ActiveCfg = Debug|Any CPU
		{D6D049F7-A2B6-431E-87C7-138A718E0A58}.Debug|Any CPU.Build.0 = Debug|Any CPU
		{D6D049F7-A2B6-431E-87C7-138A718E0A58}.Release|Any CPU.ActiveCfg = Release|Any CPU
		{D6D049F7-A2B6-431E-87C7-138A718E0A58}.Release|Any CPU.Build.0 = Release|Any CPU
		{D3453454-BB5F-4D69-A8D5-AE3BEB722374}.Debug|Any CPU.ActiveCfg = Debug|Any CPU
		{D3453454-BB5F-4D69-A8D5-AE3BEB722374}.Debug|Any CPU.Build.0 = Debug|Any CPU
		{D3453454-BB5F-4D69-A8D5-AE3BEB722374}.Release|Any CPU.ActiveCfg = Release|Any CPU
		{D3453454-BB5F-4D69-A8D5-AE3BEB722374}.Release|Any CPU.Build.0 = Release|Any CPU
		{B006D509-650C-4314-B0C2-73933E14C683}.Debug|Any CPU.ActiveCfg = Debug|Any CPU
		{B006D509-650C-4314-B0C2-73933E14C683}.Debug|Any CPU.Build.0 = Debug|Any CPU
		{B006D509-650C-4314-B0C2-73933E14C683}.Release|Any CPU.ActiveCfg = Release|Any CPU
		{B006D509-650C-4314-B0C2-73933E14C683}.Release|Any CPU.Build.0 = Release|Any CPU
	EndGlobalSection
	GlobalSection(SolutionProperties) = preSolution
		HideSolutionNode = FALSE
	EndGlobalSection
	GlobalSection(NestedProjects) = preSolution
		{43A2E13E-B181-4A32-AB94-F619643F9BFD} = {0813BA05-4BDD-4FAA-9BB9-7A990779FA1D}
		{1A7B3204-7BA1-430E-979A-3A8F4E76F959} = {0813BA05-4BDD-4FAA-9BB9-7A990779FA1D}
		{BABA1F05-9DE3-49E5-AEB9-7E4ECD7CB833} = {0813BA05-4BDD-4FAA-9BB9-7A990779FA1D}
		{BE33D585-C8B8-4D86-8905-D38CEE1E84AC} = {0813BA05-4BDD-4FAA-9BB9-7A990779FA1D}
		{0A84D064-C926-4169-8AAA-6B844C96EE60} = {0813BA05-4BDD-4FAA-9BB9-7A990779FA1D}
		{36CED6E4-3DF9-44E9-9AC8-2F2C07A3A470} = {0813BA05-4BDD-4FAA-9BB9-7A990779FA1D}
		{DB403379-26CC-4B0D-8992-FC153B64C5A5} = {6E763F49-007D-45FB-962A-AF96BB6715D6}
	EndGlobalSection
	GlobalSection(ExtensibilityGlobals) = postSolution
		SolutionGuid = {24AF7987-62A9-402B-AFDA-5FAC6B7D2162}
	EndGlobalSection
	GlobalSection(Performance) = preSolution
		HasPerformanceSessions = true
	EndGlobalSection
EndGlobal
