
Microsoft Visual Studio Solution File, Format Version 12.00
# Visual Studio 15
VisualStudioVersion = 15.0.27130.2026
MinimumVisualStudioVersion = 10.0.40219.1
Project("{9A19103F-16F7-4668-BE54-9A1E7A4F7556}") = "Bogus", "Bogus\Source\Bogus\Bogus.csproj", "{BE665C32-5F8E-4ABE-BF70-F2C89453F93C}"
EndProject
Project("{9A19103F-16F7-4668-BE54-9A1E7A4F7556}") = "Netlyt.Service", "Netlyt.Service\Netlyt.Service.csproj", "{0485F7C7-BAB8-449E-9513-BFCAF81DAD6F}"
EndProject
Project("{9A19103F-16F7-4668-BE54-9A1E7A4F7556}") = "Netlyt.Data", "Netlyt.Data\Netlyt.Data.csproj", "{BE1E64AD-2255-458F-ADBA-79C24727426F}"
EndProject
Project("{9A19103F-16F7-4668-BE54-9A1E7A4F7556}") = "Netlyt.Web", "Netlyt.Web\Netlyt.Web.csproj", "{D6D049F7-A2B6-431E-87C7-138A718E0A58}"
EndProject
Project("{9A19103F-16F7-4668-BE54-9A1E7A4F7556}") = "Donut", "Donut\Donut.csproj", "{D3453454-BB5F-4D69-A8D5-AE3BEB722374}"
EndProject
Project("{9A19103F-16F7-4668-BE54-9A1E7A4F7556}") = "Netlyt.Interfaces", "Netlyt.Interfaces\Netlyt.Interfaces.csproj", "{B006D509-650C-4314-B0C2-73933E14C683}"
EndProject
Project("{9A19103F-16F7-4668-BE54-9A1E7A4F7556}") = "Netlyt.Master", "Netlyt.Master\Netlyt.Master.csproj", "{76E7AC1C-C334-4E39-8BE9-721933EE0A17}"
EndProject
Global
	GlobalSection(SolutionConfigurationPlatforms) = preSolution
		Debug|Any CPU = Debug|Any CPU
		Release|Any CPU = Release|Any CPU
	EndGlobalSection
	GlobalSection(ProjectConfigurationPlatforms) = postSolution
		{BE665C32-5F8E-4ABE-BF70-F2C89453F93C}.Debug|Any CPU.ActiveCfg = Debug|Any CPU
		{BE665C32-5F8E-4ABE-BF70-F2C89453F93C}.Debug|Any CPU.Build.0 = Debug|Any CPU
		{BE665C32-5F8E-4ABE-BF70-F2C89453F93C}.Release|Any CPU.ActiveCfg = Release|Any CPU
		{BE665C32-5F8E-4ABE-BF70-F2C89453F93C}.Release|Any CPU.Build.0 = Release|Any CPU
		{0485F7C7-BAB8-449E-9513-BFCAF81DAD6F}.Debug|Any CPU.ActiveCfg = Debug|Any CPU
		{0485F7C7-BAB8-449E-9513-BFCAF81DAD6F}.Debug|Any CPU.Build.0 = Debug|Any CPU
		{0485F7C7-BAB8-449E-9513-BFCAF81DAD6F}.Release|Any CPU.ActiveCfg = Release|Any CPU
		{0485F7C7-BAB8-449E-9513-BFCAF81DAD6F}.Release|Any CPU.Build.0 = Release|Any CPU
		{BE1E64AD-2255-458F-ADBA-79C24727426F}.Debug|Any CPU.ActiveCfg = Debug|Any CPU
		{BE1E64AD-2255-458F-ADBA-79C24727426F}.Debug|Any CPU.Build.0 = Debug|Any CPU
		{BE1E64AD-2255-458F-ADBA-79C24727426F}.Release|Any CPU.ActiveCfg = Release|Any CPU
		{BE1E64AD-2255-458F-ADBA-79C24727426F}.Release|Any CPU.Build.0 = Release|Any CPU
		{D6D049F7-A2B6-431E-87C7-138A718E0A58}.Debug|Any CPU.ActiveCfg = Debug|Any CPU
		{D6D049F7-A2B6-431E-87C7-138A718E0A58}.Debug|Any CPU.Build.0 = Debug|Any CPU
		{D6D049F7-A2B6-431E-87C7-138A718E0A58}.Release|Any CPU.ActiveCfg = Release|Any CPU
		{D6D049F7-A2B6-431E-87C7-138A718E0A58}.Release|Any CPU.Build.0 = Release|Any CPU
		{D3453454-BB5F-4D69-A8D5-AE3BEB722374}.Debug|Any CPU.ActiveCfg = Debug|Any CPU
		{D3453454-BB5F-4D69-A8D5-AE3BEB722374}.Debug|Any CPU.Build.0 = Debug|Any CPU
		{D3453454-BB5F-4D69-A8D5-AE3BEB722374}.Release|Any CPU.ActiveCfg = Release|Any CPU
		{D3453454-BB5F-4D69-A8D5-AE3BEB722374}.Release|Any CPU.Build.0 = Release|Any CPU
		{B006D509-650C-4314-B0C2-73933E14C683}.Debug|Any CPU.ActiveCfg = Debug|Any CPU
		{B006D509-650C-4314-B0C2-73933E14C683}.Debug|Any CPU.Build.0 = Debug|Any CPU
		{B006D509-650C-4314-B0C2-73933E14C683}.Release|Any CPU.ActiveCfg = Release|Any CPU
		{B006D509-650C-4314-B0C2-73933E14C683}.Release|Any CPU.Build.0 = Release|Any CPU
		{76E7AC1C-C334-4E39-8BE9-721933EE0A17}.Debug|Any CPU.ActiveCfg = Debug|Any CPU
		{76E7AC1C-C334-4E39-8BE9-721933EE0A17}.Debug|Any CPU.Build.0 = Debug|Any CPU
		{76E7AC1C-C334-4E39-8BE9-721933EE0A17}.Release|Any CPU.ActiveCfg = Release|Any CPU
		{76E7AC1C-C334-4E39-8BE9-721933EE0A17}.Release|Any CPU.Build.0 = Release|Any CPU
	EndGlobalSection
	GlobalSection(SolutionProperties) = preSolution
		HideSolutionNode = FALSE
	EndGlobalSection
	GlobalSection(ExtensibilityGlobals) = postSolution
		SolutionGuid = {24AF7987-62A9-402B-AFDA-5FAC6B7D2162}
	EndGlobalSection
	GlobalSection(Performance) = preSolution
		HasPerformanceSessions = true
	EndGlobalSection
EndGlobal
