{
    "_readme": [
        "This file locks the dependencies of your project to a known state",
        "Read more about it at https://getcomposer.org/doc/01-basic-usage.md#composer-lock-the-lock-file",
        "This file is @generated automatically"
    ],
    "content-hash": "735a1a4ee12ecbec37b8f3f2289b7924",
    "packages": [
        {
            "name": "peeralytics/client",
            "version": "dev-master",
            "source": {
                "type": "git",
                "url": "https://github.com/sp0x/PeeralyticsPhp.git",
                "reference": "324472e193f2b5886257c811f8163843d2a2fa2b"
            },
            "dist": {
                "type": "zip",
                "url": "https://api.github.com/repos/sp0x/PeeralyticsPhp/zipball/324472e193f2b5886257c811f8163843d2a2fa2b",
                "reference": "324472e193f2b5886257c811f8163843d2a2fa2b",
                "shasum": ""
            },
            "require": {
                "php": ">=5.3.0"
            },
            "type": "library",
            "autoload": {
                "psr-4": {
                    "Peeralytics\\": "."
                }
            },
            "notification-url": "https://packagist.org/downloads/",
            "license": [
                "MIT"
            ],
            "authors": [
                {
                    "name": "vasko",
                    "email": "vasil.vasilev94@yahoo.com"
                }
            ],
            "time": "2017-07-18 12:17:11"
        }
    ],
    "packages-dev": [],
    "aliases": [],
    "minimum-stability": "dev",
    "stability-flags": {
        "peeralytics/client": 20
    },
    "prefer-stable": false,
    "prefer-lowest": false,
    "platform": [],
    "platform-dev": []
}
